
Microsoft Visual Studio Solution File, Format Version 12.00
# Visual Studio Version 16
VisualStudioVersion = 16.0.31624.102
MinimumVisualStudioVersion = 10.0.40219.1
Project("{FAE04EC0-301F-11D3-BF4B-00C04F79EFBC}") = "EmployeesDIR", "EmployeesDIR.csproj", "{803C2A52-3BFE-4850-84CD-85F536FF170E}"
EndProject
Global
	GlobalSection(SolutionConfigurationPlatforms) = preSolution
		Debug|Any CPU = Debug|Any CPU
		Release|Any CPU = Release|Any CPU
	EndGlobalSection
	GlobalSection(ProjectConfigurationPlatforms) = postSolution
		{803C2A52-3BFE-4850-84CD-85F536FF170E}.Debug|Any CPU.ActiveCfg = Debug|Any CPU
		{803C2A52-3BFE-4850-84CD-85F536FF170E}.Debug|Any CPU.Build.0 = Debug|Any CPU
		{803C2A52-3BFE-4850-84CD-85F536FF170E}.Release|Any CPU.ActiveCfg = Release|Any CPU
		{803C2A52-3BFE-4850-84CD-85F536FF170E}.Release|Any CPU.Build.0 = Release|Any CPU
	EndGlobalSection
	GlobalSection(SolutionProperties) = preSolution
		HideSolutionNode = FALSE
	EndGlobalSection
	GlobalSection(ExtensibilityGlobals) = postSolution
		SolutionGuid = {F58A90C4-762A-4136-B67C-BA7481D5114E}
	EndGlobalSection
EndGlobal
