
Microsoft Visual Studio Solution File, Format Version 12.00
# Visual Studio Version 16
VisualStudioVersion = 16.0.31624.102
MinimumVisualStudioVersion = 10.0.40219.1
Project("{FAE04EC0-301F-11D3-BF4B-00C04F79EFBC}") = "EmployeesDIR", "EmployeesDIR.csproj", "{803C2A52-3BFE-4850-84CD-85F536FF170E}"
EndProject
Project("{FAE04EC0-301F-11D3-BF4B-00C04F79EFBC}") = "EmployeesCore", "..\EmployeesCore\EmployeesCore.csproj", "{D084ADFD-588D-4749-B5F1-30B94C0B4585}"
EndProject
Project("{2150E333-8FDC-42A3-9474-1A3956D46DE8}") = "Solution Items", "Solution Items", "{AD22BFEE-0A69-4F97-95D8-318AB4DC55D3}"
	ProjectSection(SolutionItems) = preProject
		.editorconfig = .editorconfig
	EndProjectSection
EndProject
Project("{FAE04EC0-301F-11D3-BF4B-00C04F79EFBC}") = "ReleaseVer", "..\ReleaseVer\ReleaseVer.csproj", "{A7497AA6-DB14-4320-B325-3984C7CA837C}"
EndProject
Global
	GlobalSection(SolutionConfigurationPlatforms) = preSolution
		Debug|Any CPU = Debug|Any CPU
		Release|Any CPU = Release|Any CPU
	EndGlobalSection
	GlobalSection(ProjectConfigurationPlatforms) = postSolution
		{803C2A52-3BFE-4850-84CD-85F536FF170E}.Debug|Any CPU.ActiveCfg = Debug|Any CPU
		{803C2A52-3BFE-4850-84CD-85F536FF170E}.Debug|Any CPU.Build.0 = Debug|Any CPU
		{803C2A52-3BFE-4850-84CD-85F536FF170E}.Release|Any CPU.ActiveCfg = Release|Any CPU
		{803C2A52-3BFE-4850-84CD-85F536FF170E}.Release|Any CPU.Build.0 = Release|Any CPU
		{D084ADFD-588D-4749-B5F1-30B94C0B4585}.Debug|Any CPU.ActiveCfg = Debug|Any CPU
		{D084ADFD-588D-4749-B5F1-30B94C0B4585}.Debug|Any CPU.Build.0 = Debug|Any CPU
		{D084ADFD-588D-4749-B5F1-30B94C0B4585}.Release|Any CPU.ActiveCfg = Release|Any CPU
		{D084ADFD-588D-4749-B5F1-30B94C0B4585}.Release|Any CPU.Build.0 = Release|Any CPU
		{A7497AA6-DB14-4320-B325-3984C7CA837C}.Debug|Any CPU.ActiveCfg = Debug|Any CPU
		{A7497AA6-DB14-4320-B325-3984C7CA837C}.Debug|Any CPU.Build.0 = Debug|Any CPU
		{A7497AA6-DB14-4320-B325-3984C7CA837C}.Release|Any CPU.ActiveCfg = Release|Any CPU
		{A7497AA6-DB14-4320-B325-3984C7CA837C}.Release|Any CPU.Build.0 = Release|Any CPU
	EndGlobalSection
	GlobalSection(SolutionProperties) = preSolution
		HideSolutionNode = FALSE
	EndGlobalSection
	GlobalSection(ExtensibilityGlobals) = postSolution
		SolutionGuid = {F58A90C4-762A-4136-B67C-BA7481D5114E}
	EndGlobalSection
EndGlobal
